# This file is autogenerated, do not edit; changes may be undone by the next 'dep ensure'.


[[projects]]
  branch = "master"
  name = "github.com/gogo/protobuf"
  packages = ["gogoproto","plugin/compare","plugin/defaultcheck","plugin/description","plugin/embedcheck","plugin/enumstringer","plugin/equal","plugin/face","plugin/gostring","plugin/marshalto","plugin/oneofcheck","plugin/populate","plugin/size","plugin/stringer","plugin/testgen","plugin/union","plugin/unmarshal","proto","protoc-gen-gogo","protoc-gen-gogo/descriptor","protoc-gen-gogo/generator","protoc-gen-gogo/grpc","protoc-gen-gogo/plugin","vanity","vanity/command"]
  revision = "2adc21fd136931e0388e278825291678e1d98309"

[[projects]]
  branch = "master"
  name = "github.com/spacemonkeygo/errors"
  packages = ["."]
  revision = "fafb82d7319b7446027d97bda4b3e089160f6e79"

[[projects]]
  branch = "master"
  name = "github.com/spacemonkeygo/monotime"
  packages = [".","_cgo"]
  revision = "e6a1d5ba496cb14f7b3ea9123c236d3ea304fb2d"

[[projects]]
  branch = "master"
  name = "golang.org/x/net"
  packages = ["context"]
  revision = "66aacef3dd8a676686c7ae3716979581e8b03c47"

[[projects]]
  branch = "v2"
  name = "gopkg.in/spacemonkeygo/monkit.v2"
  packages = ["."]
  revision = "446f79d465d0b7b11ae33cd2914ac47ce14d7bad"

[solve-meta]
  analyzer-name = "dep"
  analyzer-version = 1
  inputs-digest = "3831b35d056e5bf90a74d65dea9a7f3ac462555c29db31e2d0f0218949bd4fa0"
  solver-name = "gps-cdcl"
  solver-version = 1
