# This file is autogenerated, do not edit; changes may be undone by the next 'dep ensure'.


[[projects]]
  name = "github.com/gogo/protobuf"
  packages = ["gogoproto","plugin/compare","plugin/defaultcheck","plugin/description","plugin/embedcheck","plugin/enumstringer","plugin/equal","plugin/face","plugin/gostring","plugin/marshalto","plugin/oneofcheck","plugin/populate","plugin/size","plugin/stringer","plugin/testgen","plugin/union","plugin/unmarshal","proto","protoc-gen-gogo","protoc-gen-gogo/descriptor","protoc-gen-gogo/generator","protoc-gen-gogo/grpc","protoc-gen-gogo/plugin","vanity","vanity/command"]
  revision = "342cbe0a04158f6dcb03ca0079991a51a4248c02"
  version = "v0.5"

[[projects]]
  branch = "master"
  name = "github.com/zeebo/errs"
  packages = [".","errdata"]
  revision = "08f08a1132e5cbf2c0708b6acdaad6bfbc14aadd"

[[projects]]
  branch = "master"
  name = "github.com/zeebo/float16"
  packages = ["."]
  revision = "b97e955423666e5757900ffe8e816bacc557fdcf"

[[projects]]
  branch = "master"
  name = "github.com/zeebo/tdigest"
  packages = ["."]
  revision = "879702e582c98cb9a1f30981d204431445332d71"

[[projects]]
  branch = "master"
  name = "golang.org/x/image"
  packages = ["font","font/basicfont","font/inconsolata","font/plan9font","math/fixed"]
  revision = "12117c17ca67ffa1ce22e9409f3b0b0a93ac08c7"

[solve-meta]
  analyzer-name = "dep"
  analyzer-version = 1
  inputs-digest = "2e3dc2908982676c492dd8fcc6139ae786d38dace0dd3a349a6a7fe776396372"
  solver-name = "gps-cdcl"
  solver-version = 1
